PODS:
  - Kiwi/ARC (2.2.3)
  - Kiwi/NonARC (2.2.3)
  - Kiwi/XCTest (2.2.3):
    - Kiwi/ARC
    - Kiwi/NonARC
  - ObjectiveLuhn (1.0.0)

DEPENDENCIES:
  - Kiwi/XCTest
  - ObjectiveLuhn (from `../ObjectiveLuhn.podspec`)

EXTERNAL SOURCES:
  ObjectiveLuhn:
    :path: ../ObjectiveLuhn.podspec

SPEC CHECKSUMS:
  Kiwi: 04c51e880831d291748ec702d42c4101f7eb95c9
  ObjectiveLuhn: c14fcbe1d9920f0159ec5301e623b489efcb63a5

COCOAPODS: 0.29.0
