<?xml version="1.0" encoding="UTF-8"?>
<!DOCTYPE plist PUBLIC "-//Apple//DTD PLIST 1.0//EN" "http://www.apple.com/DTDs/PropertyList-1.0.dtd">
<plist version="1.0">
<dict>
	<key>archiveVersion</key>
	<string>1</string>
	<key>classes</key>
	<dict/>
	<key>objectVersion</key>
	<string>46</string>
	<key>objects</key>
	<dict>
		<key>2DE9D2E67F2BFCC2B9A8BAF9</key>
		<dict>
			<key>includeInIndex</key>
			<string>1</string>
			<key>isa</key>
			<string>PBXFileReference</string>
			<key>lastKnownFileType</key>
			<string>text.xcconfig</string>
			<key>name</key>
			<string>Pods-Tests.release.xcconfig</string>
			<key>path</key>
			<string>Pods/Target Support Files/Pods-Tests/Pods-Tests.release.xcconfig</string>
			<key>sourceTree</key>
			<string>&lt;group&gt;</string>
		</dict>
		<key>471C843244D842AABE6A468A</key>
		<dict>
			<key>fileRef</key>
			<string>ED7D61ED784D495FA5F58B96</string>
			<key>isa</key>
			<string>PBXBuildFile</string>
		</dict>
		<key>47DE7F95E1DB4941DCCBB0A9</key>
		<dict>
			<key>includeInIndex</key>
			<string>1</string>
			<key>isa</key>
			<string>PBXFileReference</string>
			<key>lastKnownFileType</key>
			<string>text.xcconfig</string>
			<key>name</key>
			<string>Pods-Luhn Algorithm (Mod 10).release.xcconfig</string>
			<key>path</key>
			<string>Pods/Target Support Files/Pods-Luhn Algorithm (Mod 10)/Pods-Luhn Algorithm (Mod 10).release.xcconfig</string>
			<key>sourceTree</key>
			<string>&lt;group&gt;</string>
		</dict>
		<key>4C396346984DCA77ACE533E6</key>
		<dict>
			<key>children</key>
			<array>
				<string>C2961D9AA38E528E10E49751</string>
				<string>47DE7F95E1DB4941DCCBB0A9</string>
				<string>C8E417B2943AAB618ECE21EE</string>
				<string>2DE9D2E67F2BFCC2B9A8BAF9</string>
			</array>
			<key>isa</key>
			<string>PBXGroup</string>
			<key>name</key>
			<string>Pods</string>
			<key>sourceTree</key>
			<string>&lt;group&gt;</string>
		</dict>
		<key>4F1797445D2246AFB7AD4F7D</key>
		<dict>
			<key>buildActionMask</key>
			<string>2147483647</string>
			<key>files</key>
			<array/>
			<key>inputPaths</key>
			<array/>
			<key>isa</key>
			<string>PBXShellScriptBuildPhase</string>
			<key>name</key>
			<string>Check Pods Manifest.lock</string>
			<key>outputPaths</key>
			<array/>
			<key>runOnlyForDeploymentPostprocessing</key>
			<string>0</string>
			<key>shellPath</key>
			<string>/bin/sh</string>
			<key>shellScript</key>
			<string>diff "${PODS_ROOT}/../Podfile.lock" "${PODS_ROOT}/Manifest.lock" &gt; /dev/null
if [[ $? != 0 ]] ; then
    cat &lt;&lt; EOM
error: The sandbox is not in sync with the Podfile.lock. Run 'pod install' or update your CocoaPods installation.
EOM
    exit 1
fi
</string>
			<key>showEnvVarsInLog</key>
			<string>0</string>
		</dict>
		<key>5004D51F18BAEA410055C9AF</key>
		<dict>
			<key>buildActionMask</key>
			<string>2147483647</string>
			<key>files</key>
			<array>
				<string>5004D52E18BAEA410055C9AF</string>
			</array>
			<key>isa</key>
			<string>PBXSourcesBuildPhase</string>
			<key>runOnlyForDeploymentPostprocessing</key>
			<string>0</string>
		</dict>
		<key>5004D52018BAEA410055C9AF</key>
		<dict>
			<key>buildActionMask</key>
			<string>2147483647</string>
			<key>files</key>
			<array>
				<string>5004D52418BAEA410055C9AF</string>
				<string>5004D52618BAEA410055C9AF</string>
				<string>5004D52518BAEA410055C9AF</string>
				<string>471C843244D842AABE6A468A</string>
			</array>
			<key>isa</key>
			<string>PBXFrameworksBuildPhase</string>
			<key>runOnlyForDeploymentPostprocessing</key>
			<string>0</string>
		</dict>
		<key>5004D52118BAEA410055C9AF</key>
		<dict>
			<key>buildActionMask</key>
			<string>2147483647</string>
			<key>files</key>
			<array>
				<string>5004D53618BAEC310055C9AF</string>
				<string>5004D52C18BAEA410055C9AF</string>
			</array>
			<key>isa</key>
			<string>PBXResourcesBuildPhase</string>
			<key>runOnlyForDeploymentPostprocessing</key>
			<string>0</string>
		</dict>
		<key>5004D52218BAEA410055C9AF</key>
		<dict>
			<key>buildConfigurationList</key>
			<string>5004D53218BAEA410055C9AF</string>
			<key>buildPhases</key>
			<array>
				<string>4F1797445D2246AFB7AD4F7D</string>
				<string>5004D51F18BAEA410055C9AF</string>
				<string>5004D52018BAEA410055C9AF</string>
				<string>5004D52118BAEA410055C9AF</string>
				<string>C678A7822B9E4CC2978452BF</string>
			</array>
			<key>buildRules</key>
			<array/>
			<key>dependencies</key>
			<array>
				<string>5004D53118BAEA410055C9AF</string>
			</array>
			<key>isa</key>
			<string>PBXNativeTarget</string>
			<key>name</key>
			<string>Tests</string>
			<key>productName</key>
			<string>Tests</string>
			<key>productReference</key>
			<string>5004D52318BAEA410055C9AF</string>
			<key>productType</key>
			<string>com.apple.product-type.bundle.unit-test</string>
		</dict>
		<key>5004D52318BAEA410055C9AF</key>
		<dict>
			<key>explicitFileType</key>
			<string>wrapper.cfbundle</string>
			<key>includeInIndex</key>
			<string>0</string>
			<key>isa</key>
			<string>PBXFileReference</string>
			<key>path</key>
			<string>Tests.xctest</string>
			<key>sourceTree</key>
			<string>BUILT_PRODUCTS_DIR</string>
		</dict>
		<key>5004D52418BAEA410055C9AF</key>
		<dict>
			<key>fileRef</key>
			<string>501C53AC18BADF2300FF07AA</string>
			<key>isa</key>
			<string>PBXBuildFile</string>
		</dict>
		<key>5004D52518BAEA410055C9AF</key>
		<dict>
			<key>fileRef</key>
			<string>508E0A64168FC92800F237F4</string>
			<key>isa</key>
			<string>PBXBuildFile</string>
		</dict>
		<key>5004D52618BAEA410055C9AF</key>
		<dict>
			<key>fileRef</key>
			<string>508E0A62168FC92800F237F4</string>
			<key>isa</key>
			<string>PBXBuildFile</string>
		</dict>
		<key>5004D52718BAEA410055C9AF</key>
		<dict>
			<key>children</key>
			<array>
				<string>5004D52D18BAEA410055C9AF</string>
				<string>5004D52818BAEA410055C9AF</string>
			</array>
			<key>isa</key>
			<string>PBXGroup</string>
			<key>path</key>
			<string>Tests</string>
			<key>sourceTree</key>
			<string>&lt;group&gt;</string>
		</dict>
		<key>5004D52818BAEA410055C9AF</key>
		<dict>
			<key>children</key>
			<array>
				<string>5004D53518BAEC310055C9AF</string>
				<string>5004D52918BAEA410055C9AF</string>
				<string>5004D52A18BAEA410055C9AF</string>
				<string>5004D52F18BAEA410055C9AF</string>
			</array>
			<key>isa</key>
			<string>PBXGroup</string>
			<key>name</key>
			<string>Supporting Files</string>
			<key>sourceTree</key>
			<string>&lt;group&gt;</string>
		</dict>
		<key>5004D52918BAEA410055C9AF</key>
		<dict>
			<key>isa</key>
			<string>PBXFileReference</string>
			<key>lastKnownFileType</key>
			<string>text.plist.xml</string>
			<key>path</key>
			<string>Tests-Info.plist</string>
			<key>sourceTree</key>
			<string>&lt;group&gt;</string>
		</dict>
		<key>5004D52A18BAEA410055C9AF</key>
		<dict>
			<key>children</key>
			<array>
				<string>5004D52B18BAEA410055C9AF</string>
			</array>
			<key>isa</key>
			<string>PBXVariantGroup</string>
			<key>name</key>
			<string>InfoPlist.strings</string>
			<key>sourceTree</key>
			<string>&lt;group&gt;</string>
		</dict>
		<key>5004D52B18BAEA410055C9AF</key>
		<dict>
			<key>isa</key>
			<string>PBXFileReference</string>
			<key>lastKnownFileType</key>
			<string>text.plist.strings</string>
			<key>name</key>
			<string>en</string>
			<key>path</key>
			<string>en.lproj/InfoPlist.strings</string>
			<key>sourceTree</key>
			<string>&lt;group&gt;</string>
		</dict>
		<key>5004D52C18BAEA410055C9AF</key>
		<dict>
			<key>fileRef</key>
			<string>5004D52A18BAEA410055C9AF</string>
			<key>isa</key>
			<string>PBXBuildFile</string>
		</dict>
		<key>5004D52D18BAEA410055C9AF</key>
		<dict>
			<key>isa</key>
			<string>PBXFileReference</string>
			<key>lastKnownFileType</key>
			<string>sourcecode.c.objc</string>
			<key>path</key>
			<string>Tests.m</string>
			<key>sourceTree</key>
			<string>&lt;group&gt;</string>
		</dict>
		<key>5004D52E18BAEA410055C9AF</key>
		<dict>
			<key>fileRef</key>
			<string>5004D52D18BAEA410055C9AF</string>
			<key>isa</key>
			<string>PBXBuildFile</string>
		</dict>
		<key>5004D52F18BAEA410055C9AF</key>
		<dict>
			<key>isa</key>
			<string>PBXFileReference</string>
			<key>lastKnownFileType</key>
			<string>sourcecode.c.h</string>
			<key>path</key>
			<string>Tests-Prefix.pch</string>
			<key>sourceTree</key>
			<string>&lt;group&gt;</string>
		</dict>
		<key>5004D53018BAEA410055C9AF</key>
		<dict>
			<key>containerPortal</key>
			<string>508E0A55168FC92800F237F4</string>
			<key>isa</key>
			<string>PBXContainerItemProxy</string>
			<key>proxyType</key>
			<string>1</string>
			<key>remoteGlobalIDString</key>
			<string>508E0A5D168FC92800F237F4</string>
			<key>remoteInfo</key>
			<string>Luhn Algorithm (Mod 10)</string>
		</dict>
		<key>5004D53118BAEA410055C9AF</key>
		<dict>
			<key>isa</key>
			<string>PBXTargetDependency</string>
			<key>target</key>
			<string>508E0A5D168FC92800F237F4</string>
			<key>targetProxy</key>
			<string>5004D53018BAEA410055C9AF</string>
		</dict>
		<key>5004D53218BAEA410055C9AF</key>
		<dict>
			<key>buildConfigurations</key>
			<array>
				<string>5004D53318BAEA410055C9AF</string>
				<string>5004D53418BAEA410055C9AF</string>
			</array>
			<key>defaultConfigurationIsVisible</key>
			<string>0</string>
			<key>defaultConfigurationName</key>
			<string>Release</string>
			<key>isa</key>
			<string>XCConfigurationList</string>
		</dict>
		<key>5004D53318BAEA410055C9AF</key>
		<dict>
			<key>baseConfigurationReference</key>
			<string>C8E417B2943AAB618ECE21EE</string>
			<key>buildSettings</key>
			<dict>
				<key>BUNDLE_LOADER</key>
				<string>$(BUILT_PRODUCTS_DIR)/Luhn Algorithm (Mod 10).app/Luhn Algorithm (Mod 10)</string>
				<key>CLANG_ENABLE_MODULES</key>
				<string>YES</string>
				<key>CLANG_ENABLE_OBJC_ARC</key>
				<string>YES</string>
				<key>CLANG_WARN_BOOL_CONVERSION</key>
				<string>YES</string>
				<key>CLANG_WARN_CONSTANT_CONVERSION</key>
				<string>YES</string>
				<key>CLANG_WARN_DIRECT_OBJC_ISA_USAGE</key>
				<string>YES_ERROR</string>
				<key>CLANG_WARN_ENUM_CONVERSION</key>
				<string>YES</string>
				<key>CLANG_WARN_INT_CONVERSION</key>
				<string>YES</string>
				<key>CLANG_WARN_OBJC_ROOT_CLASS</key>
				<string>YES_ERROR</string>
				<key>FRAMEWORK_SEARCH_PATHS</key>
				<array>
					<string>$(SDKROOT)/Developer/Library/Frameworks</string>
					<string>$(inherited)</string>
					<string>$(DEVELOPER_FRAMEWORKS_DIR)</string>
				</array>
				<key>GCC_PRECOMPILE_PREFIX_HEADER</key>
				<string>YES</string>
				<key>GCC_PREFIX_HEADER</key>
				<string>Tests/Tests-Prefix.pch</string>
				<key>GCC_PREPROCESSOR_DEFINITIONS</key>
				<array>
					<string>DEBUG=1</string>
					<string>$(inherited)</string>
				</array>
				<key>GCC_WARN_64_TO_32_BIT_CONVERSION</key>
				<string>YES</string>
				<key>GCC_WARN_ABOUT_RETURN_TYPE</key>
				<string>YES_ERROR</string>
				<key>GCC_WARN_UNDECLARED_SELECTOR</key>
				<string>YES</string>
				<key>GCC_WARN_UNUSED_FUNCTION</key>
				<string>YES</string>
				<key>INFOPLIST_FILE</key>
				<string>Tests/Tests-Info.plist</string>
				<key>IPHONEOS_DEPLOYMENT_TARGET</key>
				<string>7.0</string>
				<key>PRODUCT_NAME</key>
				<string>$(TARGET_NAME)</string>
				<key>TEST_HOST</key>
				<string>$(BUNDLE_LOADER)</string>
				<key>WRAPPER_EXTENSION</key>
				<string>xctest</string>
			</dict>
			<key>isa</key>
			<string>XCBuildConfiguration</string>
			<key>name</key>
			<string>Debug</string>
		</dict>
		<key>5004D53418BAEA410055C9AF</key>
		<dict>
			<key>baseConfigurationReference</key>
			<string>2DE9D2E67F2BFCC2B9A8BAF9</string>
			<key>buildSettings</key>
			<dict>
				<key>BUNDLE_LOADER</key>
				<string>$(BUILT_PRODUCTS_DIR)/Luhn Algorithm (Mod 10).app/Luhn Algorithm (Mod 10)</string>
				<key>CLANG_ENABLE_MODULES</key>
				<string>YES</string>
				<key>CLANG_ENABLE_OBJC_ARC</key>
				<string>YES</string>
				<key>CLANG_WARN_BOOL_CONVERSION</key>
				<string>YES</string>
				<key>CLANG_WARN_CONSTANT_CONVERSION</key>
				<string>YES</string>
				<key>CLANG_WARN_DIRECT_OBJC_ISA_USAGE</key>
				<string>YES_ERROR</string>
				<key>CLANG_WARN_ENUM_CONVERSION</key>
				<string>YES</string>
				<key>CLANG_WARN_INT_CONVERSION</key>
				<string>YES</string>
				<key>CLANG_WARN_OBJC_ROOT_CLASS</key>
				<string>YES_ERROR</string>
				<key>ENABLE_NS_ASSERTIONS</key>
				<string>NO</string>
				<key>FRAMEWORK_SEARCH_PATHS</key>
				<array>
					<string>$(SDKROOT)/Developer/Library/Frameworks</string>
					<string>$(inherited)</string>
					<string>$(DEVELOPER_FRAMEWORKS_DIR)</string>
				</array>
				<key>GCC_PRECOMPILE_PREFIX_HEADER</key>
				<string>YES</string>
				<key>GCC_PREFIX_HEADER</key>
				<string>Tests/Tests-Prefix.pch</string>
				<key>GCC_WARN_64_TO_32_BIT_CONVERSION</key>
				<string>YES</string>
				<key>GCC_WARN_ABOUT_RETURN_TYPE</key>
				<string>YES_ERROR</string>
				<key>GCC_WARN_UNDECLARED_SELECTOR</key>
				<string>YES</string>
				<key>GCC_WARN_UNUSED_FUNCTION</key>
				<string>YES</string>
				<key>INFOPLIST_FILE</key>
				<string>Tests/Tests-Info.plist</string>
				<key>IPHONEOS_DEPLOYMENT_TARGET</key>
				<string>7.0</string>
				<key>PRODUCT_NAME</key>
				<string>$(TARGET_NAME)</string>
				<key>TEST_HOST</key>
				<string>$(BUNDLE_LOADER)</string>
				<key>WRAPPER_EXTENSION</key>
				<string>xctest</string>
			</dict>
			<key>isa</key>
			<string>XCBuildConfiguration</string>
			<key>name</key>
			<string>Release</string>
		</dict>
		<key>5004D53518BAEC310055C9AF</key>
		<dict>
			<key>fileEncoding</key>
			<string>4</string>
			<key>isa</key>
			<string>PBXFileReference</string>
			<key>lastKnownFileType</key>
			<string>text.plist.xml</string>
			<key>path</key>
			<string>TestCreditCardNumbers.plist</string>
			<key>sourceTree</key>
			<string>&lt;group&gt;</string>
		</dict>
		<key>5004D53618BAEC310055C9AF</key>
		<dict>
			<key>fileRef</key>
			<string>5004D53518BAEC310055C9AF</string>
			<key>isa</key>
			<string>PBXBuildFile</string>
		</dict>
		<key>501C53A518BADE9200FF07AA</key>
		<dict>
			<key>isa</key>
			<string>PBXFileReference</string>
			<key>lastKnownFileType</key>
			<string>folder.assetcatalog</string>
			<key>name</key>
			<string>Images.xcassets</string>
			<key>path</key>
			<string>Luhn Algorithm (Mod 10)/Images.xcassets</string>
			<key>sourceTree</key>
			<string>&lt;group&gt;</string>
		</dict>
		<key>501C53A618BADE9200FF07AA</key>
		<dict>
			<key>fileRef</key>
			<string>501C53A518BADE9200FF07AA</string>
			<key>isa</key>
			<string>PBXBuildFile</string>
		</dict>
		<key>501C53AC18BADF2300FF07AA</key>
		<dict>
			<key>isa</key>
			<string>PBXFileReference</string>
			<key>lastKnownFileType</key>
			<string>wrapper.framework</string>
			<key>name</key>
			<string>XCTest.framework</string>
			<key>path</key>
			<string>Library/Frameworks/XCTest.framework</string>
			<key>sourceTree</key>
			<string>DEVELOPER_DIR</string>
		</dict>
		<key>508E0A53168FC92800F237F4</key>
		<dict>
			<key>children</key>
			<array>
				<string>501C53A518BADE9200FF07AA</string>
				<string>508E0A68168FC92800F237F4</string>
				<string>5004D52718BAEA410055C9AF</string>
				<string>508E0A61168FC92800F237F4</string>
				<string>508E0A5F168FC92800F237F4</string>
				<string>4C396346984DCA77ACE533E6</string>
			</array>
			<key>isa</key>
			<string>PBXGroup</string>
			<key>sourceTree</key>
			<string>&lt;group&gt;</string>
		</dict>
		<key>508E0A55168FC92800F237F4</key>
		<dict>
			<key>attributes</key>
			<dict>
				<key>LastUpgradeCheck</key>
				<string>0500</string>
				<key>ORGANIZATIONNAME</key>
				<string>Max Kramer</string>
				<key>TargetAttributes</key>
				<dict>
					<key>5004D52218BAEA410055C9AF</key>
					<dict>
						<key>TestTargetID</key>
						<string>508E0A5D168FC92800F237F4</string>
					</dict>
				</dict>
			</dict>
			<key>buildConfigurationList</key>
			<string>508E0A58168FC92800F237F4</string>
			<key>compatibilityVersion</key>
			<string>Xcode 3.2</string>
			<key>developmentRegion</key>
			<string>English</string>
			<key>hasScannedForEncodings</key>
			<string>0</string>
			<key>isa</key>
			<string>PBXProject</string>
			<key>knownRegions</key>
			<array>
				<string>en</string>
			</array>
			<key>mainGroup</key>
			<string>508E0A53168FC92800F237F4</string>
			<key>productRefGroup</key>
			<string>508E0A5F168FC92800F237F4</string>
			<key>projectDirPath</key>
			<string></string>
			<key>projectReferences</key>
			<array/>
			<key>projectRoot</key>
			<string></string>
			<key>targets</key>
			<array>
				<string>508E0A5D168FC92800F237F4</string>
				<string>5004D52218BAEA410055C9AF</string>
			</array>
		</dict>
		<key>508E0A58168FC92800F237F4</key>
		<dict>
			<key>buildConfigurations</key>
			<array>
				<string>508E0A80168FC92800F237F4</string>
				<string>508E0A81168FC92800F237F4</string>
			</array>
			<key>defaultConfigurationIsVisible</key>
			<string>0</string>
			<key>defaultConfigurationName</key>
			<string>Release</string>
			<key>isa</key>
			<string>XCConfigurationList</string>
		</dict>
		<key>508E0A5A168FC92800F237F4</key>
		<dict>
			<key>buildActionMask</key>
			<string>2147483647</string>
			<key>files</key>
			<array>
				<string>508E0A6F168FC92800F237F4</string>
				<string>508E0A73168FC92800F237F4</string>
				<string>508E0A7C168FC92800F237F4</string>
			</array>
			<key>isa</key>
			<string>PBXSourcesBuildPhase</string>
			<key>runOnlyForDeploymentPostprocessing</key>
			<string>0</string>
		</dict>
		<key>508E0A5B168FC92800F237F4</key>
		<dict>
			<key>buildActionMask</key>
			<string>2147483647</string>
			<key>files</key>
			<array>
				<string>508E0A63168FC92800F237F4</string>
				<string>508E0A65168FC92800F237F4</string>
				<string>508E0A67168FC92800F237F4</string>
				<string>86FF5CFE360A4E6398C78E03</string>
				<string>BFE7FBE2ABD94C579591E461</string>
			</array>
			<key>isa</key>
			<string>PBXFrameworksBuildPhase</string>
			<key>runOnlyForDeploymentPostprocessing</key>
			<string>0</string>
		</dict>
		<key>508E0A5C168FC92800F237F4</key>
		<dict>
			<key>buildActionMask</key>
			<string>2147483647</string>
			<key>files</key>
			<array>
				<string>508E0A6D168FC92800F237F4</string>
				<string>508E0A75168FC92800F237F4</string>
				<string>508E0A77168FC92800F237F4</string>
				<string>501C53A618BADE9200FF07AA</string>
				<string>508E0A79168FC92800F237F4</string>
				<string>508E0A7F168FC92800F237F4</string>
			</array>
			<key>isa</key>
			<string>PBXResourcesBuildPhase</string>
			<key>runOnlyForDeploymentPostprocessing</key>
			<string>0</string>
		</dict>
		<key>508E0A5D168FC92800F237F4</key>
		<dict>
			<key>buildConfigurationList</key>
			<string>508E0A82168FC92800F237F4</string>
			<key>buildPhases</key>
			<array>
				<string>C49F25322CCD427AB4264BCE</string>
				<string>508E0A5A168FC92800F237F4</string>
				<string>508E0A5B168FC92800F237F4</string>
				<string>508E0A5C168FC92800F237F4</string>
				<string>6BA9916900864AB9ABF4225B</string>
			</array>
			<key>buildRules</key>
			<array/>
			<key>dependencies</key>
			<array/>
			<key>isa</key>
			<string>PBXNativeTarget</string>
			<key>name</key>
			<string>Luhn Algorithm (Mod 10)</string>
			<key>productName</key>
			<string>Luhn Algorithm (Mod 10)</string>
			<key>productReference</key>
			<string>508E0A5E168FC92800F237F4</string>
			<key>productType</key>
			<string>com.apple.product-type.application</string>
		</dict>
		<key>508E0A5E168FC92800F237F4</key>
		<dict>
			<key>explicitFileType</key>
			<string>wrapper.application</string>
			<key>includeInIndex</key>
			<string>0</string>
			<key>isa</key>
			<string>PBXFileReference</string>
			<key>path</key>
			<string>Luhn Algorithm (Mod 10).app</string>
			<key>sourceTree</key>
			<string>BUILT_PRODUCTS_DIR</string>
		</dict>
		<key>508E0A5F168FC92800F237F4</key>
		<dict>
			<key>children</key>
			<array>
				<string>508E0A5E168FC92800F237F4</string>
				<string>5004D52318BAEA410055C9AF</string>
			</array>
			<key>isa</key>
			<string>PBXGroup</string>
			<key>name</key>
			<string>Products</string>
			<key>sourceTree</key>
			<string>&lt;group&gt;</string>
		</dict>
		<key>508E0A61168FC92800F237F4</key>
		<dict>
			<key>children</key>
			<array>
				<string>508E0A62168FC92800F237F4</string>
				<string>508E0A64168FC92800F237F4</string>
				<string>508E0A66168FC92800F237F4</string>
				<string>501C53AC18BADF2300FF07AA</string>
				<string>ED7D61ED784D495FA5F58B96</string>
				<string>5EC0BEC42D204F6EB01B4168</string>
			</array>
			<key>isa</key>
			<string>PBXGroup</string>
			<key>name</key>
			<string>Frameworks</string>
			<key>sourceTree</key>
			<string>&lt;group&gt;</string>
		</dict>
		<key>508E0A62168FC92800F237F4</key>
		<dict>
			<key>isa</key>
			<string>PBXFileReference</string>
			<key>lastKnownFileType</key>
			<string>wrapper.framework</string>
			<key>name</key>
			<string>UIKit.framework</string>
			<key>path</key>
			<string>System/Library/Frameworks/UIKit.framework</string>
			<key>sourceTree</key>
			<string>SDKROOT</string>
		</dict>
		<key>508E0A63168FC92800F237F4</key>
		<dict>
			<key>fileRef</key>
			<string>508E0A62168FC92800F237F4</string>
			<key>isa</key>
			<string>PBXBuildFile</string>
		</dict>
		<key>508E0A64168FC92800F237F4</key>
		<dict>
			<key>isa</key>
			<string>PBXFileReference</string>
			<key>lastKnownFileType</key>
			<string>wrapper.framework</string>
			<key>name</key>
			<string>Foundation.framework</string>
			<key>path</key>
			<string>System/Library/Frameworks/Foundation.framework</string>
			<key>sourceTree</key>
			<string>SDKROOT</string>
		</dict>
		<key>508E0A65168FC92800F237F4</key>
		<dict>
			<key>fileRef</key>
			<string>508E0A64168FC92800F237F4</string>
			<key>isa</key>
			<string>PBXBuildFile</string>
		</dict>
		<key>508E0A66168FC92800F237F4</key>
		<dict>
			<key>isa</key>
			<string>PBXFileReference</string>
			<key>lastKnownFileType</key>
			<string>wrapper.framework</string>
			<key>name</key>
			<string>CoreGraphics.framework</string>
			<key>path</key>
			<string>System/Library/Frameworks/CoreGraphics.framework</string>
			<key>sourceTree</key>
			<string>SDKROOT</string>
		</dict>
		<key>508E0A67168FC92800F237F4</key>
		<dict>
			<key>fileRef</key>
			<string>508E0A66168FC92800F237F4</string>
			<key>isa</key>
			<string>PBXBuildFile</string>
		</dict>
		<key>508E0A68168FC92800F237F4</key>
		<dict>
			<key>children</key>
			<array>
				<string>508E0A71168FC92800F237F4</string>
				<string>508E0A72168FC92800F237F4</string>
				<string>508E0A7A168FC92800F237F4</string>
				<string>508E0A7B168FC92800F237F4</string>
				<string>508E0A7D168FC92800F237F4</string>
				<string>508E0A69168FC92800F237F4</string>
			</array>
			<key>isa</key>
			<string>PBXGroup</string>
			<key>name</key>
			<string>Example Project</string>
			<key>path</key>
			<string>Luhn Algorithm (Mod 10)</string>
			<key>sourceTree</key>
			<string>&lt;group&gt;</string>
		</dict>
		<key>508E0A69168FC92800F237F4</key>
		<dict>
			<key>children</key>
			<array>
				<string>508E0A6A168FC92800F237F4</string>
				<string>508E0A6B168FC92800F237F4</string>
				<string>508E0A6E168FC92800F237F4</string>
				<string>508E0A70168FC92800F237F4</string>
				<string>508E0A74168FC92800F237F4</string>
				<string>508E0A76168FC92800F237F4</string>
				<string>508E0A78168FC92800F237F4</string>
			</array>
			<key>isa</key>
			<string>PBXGroup</string>
			<key>name</key>
			<string>Supporting Files</string>
			<key>sourceTree</key>
			<string>&lt;group&gt;</string>
		</dict>
		<key>508E0A6A168FC92800F237F4</key>
		<dict>
			<key>isa</key>
			<string>PBXFileReference</string>
			<key>lastKnownFileType</key>
			<string>text.plist.xml</string>
			<key>path</key>
			<string>Luhn Algorithm (Mod 10)-Info.plist</string>
			<key>sourceTree</key>
			<string>&lt;group&gt;</string>
		</dict>
		<key>508E0A6B168FC92800F237F4</key>
		<dict>
			<key>children</key>
			<array>
				<string>508E0A6C168FC92800F237F4</string>
			</array>
			<key>isa</key>
			<string>PBXVariantGroup</string>
			<key>name</key>
			<string>InfoPlist.strings</string>
			<key>sourceTree</key>
			<string>&lt;group&gt;</string>
		</dict>
		<key>508E0A6C168FC92800F237F4</key>
		<dict>
			<key>isa</key>
			<string>PBXFileReference</string>
			<key>lastKnownFileType</key>
			<string>text.plist.strings</string>
			<key>name</key>
			<string>en</string>
			<key>path</key>
			<string>en.lproj/InfoPlist.strings</string>
			<key>sourceTree</key>
			<string>&lt;group&gt;</string>
		</dict>
		<key>508E0A6D168FC92800F237F4</key>
		<dict>
			<key>fileRef</key>
			<string>508E0A6B168FC92800F237F4</string>
			<key>isa</key>
			<string>PBXBuildFile</string>
		</dict>
		<key>508E0A6E168FC92800F237F4</key>
		<dict>
			<key>isa</key>
			<string>PBXFileReference</string>
			<key>lastKnownFileType</key>
			<string>sourcecode.c.objc</string>
			<key>path</key>
			<string>main.m</string>
			<key>sourceTree</key>
			<string>&lt;group&gt;</string>
		</dict>
		<key>508E0A6F168FC92800F237F4</key>
		<dict>
			<key>fileRef</key>
			<string>508E0A6E168FC92800F237F4</string>
			<key>isa</key>
			<string>PBXBuildFile</string>
		</dict>
		<key>508E0A70168FC92800F237F4</key>
		<dict>
			<key>isa</key>
			<string>PBXFileReference</string>
			<key>lastKnownFileType</key>
			<string>sourcecode.c.h</string>
			<key>path</key>
			<string>Luhn Algorithm (Mod 10)-Prefix.pch</string>
			<key>sourceTree</key>
			<string>&lt;group&gt;</string>
		</dict>
		<key>508E0A71168FC92800F237F4</key>
		<dict>
			<key>isa</key>
			<string>PBXFileReference</string>
			<key>lastKnownFileType</key>
			<string>sourcecode.c.h</string>
			<key>path</key>
			<string>AppDelegate.h</string>
			<key>sourceTree</key>
			<string>&lt;group&gt;</string>
		</dict>
		<key>508E0A72168FC92800F237F4</key>
		<dict>
			<key>isa</key>
			<string>PBXFileReference</string>
			<key>lastKnownFileType</key>
			<string>sourcecode.c.objc</string>
			<key>path</key>
			<string>AppDelegate.m</string>
			<key>sourceTree</key>
			<string>&lt;group&gt;</string>
		</dict>
		<key>508E0A73168FC92800F237F4</key>
		<dict>
			<key>fileRef</key>
			<string>508E0A72168FC92800F237F4</string>
			<key>isa</key>
			<string>PBXBuildFile</string>
		</dict>
		<key>508E0A74168FC92800F237F4</key>
		<dict>
			<key>isa</key>
			<string>PBXFileReference</string>
			<key>lastKnownFileType</key>
			<string>image.png</string>
			<key>path</key>
			<string>Default.png</string>
			<key>sourceTree</key>
			<string>&lt;group&gt;</string>
		</dict>
		<key>508E0A75168FC92800F237F4</key>
		<dict>
			<key>fileRef</key>
			<string>508E0A74168FC92800F237F4</string>
			<key>isa</key>
			<string>PBXBuildFile</string>
		</dict>
		<key>508E0A76168FC92800F237F4</key>
		<dict>
			<key>isa</key>
			<string>PBXFileReference</string>
			<key>lastKnownFileType</key>
			<string>image.png</string>
			<key>path</key>
			<string>Default@2x.png</string>
			<key>sourceTree</key>
			<string>&lt;group&gt;</string>
		</dict>
		<key>508E0A77168FC92800F237F4</key>
		<dict>
			<key>fileRef</key>
			<string>508E0A76168FC92800F237F4</string>
			<key>isa</key>
			<string>PBXBuildFile</string>
		</dict>
		<key>508E0A78168FC92800F237F4</key>
		<dict>
			<key>isa</key>
			<string>PBXFileReference</string>
			<key>lastKnownFileType</key>
			<string>image.png</string>
			<key>path</key>
			<string>Default-568h@2x.png</string>
			<key>sourceTree</key>
			<string>&lt;group&gt;</string>
		</dict>
		<key>508E0A79168FC92800F237F4</key>
		<dict>
			<key>fileRef</key>
			<string>508E0A78168FC92800F237F4</string>
			<key>isa</key>
			<string>PBXBuildFile</string>
		</dict>
		<key>508E0A7A168FC92800F237F4</key>
		<dict>
			<key>isa</key>
			<string>PBXFileReference</string>
			<key>lastKnownFileType</key>
			<string>sourcecode.c.h</string>
			<key>path</key>
			<string>ViewController.h</string>
			<key>sourceTree</key>
			<string>&lt;group&gt;</string>
		</dict>
		<key>508E0A7B168FC92800F237F4</key>
		<dict>
			<key>isa</key>
			<string>PBXFileReference</string>
			<key>lastKnownFileType</key>
			<string>sourcecode.c.objc</string>
			<key>path</key>
			<string>ViewController.m</string>
			<key>sourceTree</key>
			<string>&lt;group&gt;</string>
		</dict>
		<key>508E0A7C168FC92800F237F4</key>
		<dict>
			<key>fileRef</key>
			<string>508E0A7B168FC92800F237F4</string>
			<key>isa</key>
			<string>PBXBuildFile</string>
		</dict>
		<key>508E0A7D168FC92800F237F4</key>
		<dict>
			<key>children</key>
			<array>
				<string>508E0A7E168FC92800F237F4</string>
			</array>
			<key>isa</key>
			<string>PBXVariantGroup</string>
			<key>name</key>
			<string>ViewController.xib</string>
			<key>sourceTree</key>
			<string>&lt;group&gt;</string>
		</dict>
		<key>508E0A7E168FC92800F237F4</key>
		<dict>
			<key>isa</key>
			<string>PBXFileReference</string>
			<key>lastKnownFileType</key>
			<string>file.xib</string>
			<key>name</key>
			<string>en</string>
			<key>path</key>
			<string>en.lproj/ViewController.xib</string>
			<key>sourceTree</key>
			<string>&lt;group&gt;</string>
		</dict>
		<key>508E0A7F168FC92800F237F4</key>
		<dict>
			<key>fileRef</key>
			<string>508E0A7D168FC92800F237F4</string>
			<key>isa</key>
			<string>PBXBuildFile</string>
		</dict>
		<key>508E0A80168FC92800F237F4</key>
		<dict>
			<key>buildSettings</key>
			<dict>
				<key>ALWAYS_SEARCH_USER_PATHS</key>
				<string>NO</string>
				<key>CLANG_CXX_LANGUAGE_STANDARD</key>
				<string>gnu++0x</string>
				<key>CLANG_CXX_LIBRARY</key>
				<string>libc++</string>
				<key>CLANG_WARN_EMPTY_BODY</key>
				<string>YES</string>
				<key>CLANG_WARN__DUPLICATE_METHOD_MATCH</key>
				<string>YES</string>
				<key>CODE_SIGN_IDENTITY[sdk=iphoneos*]</key>
				<string>iPhone Developer</string>
				<key>COPY_PHASE_STRIP</key>
				<string>NO</string>
				<key>GCC_C_LANGUAGE_STANDARD</key>
				<string>gnu99</string>
				<key>GCC_DYNAMIC_NO_PIC</key>
				<string>NO</string>
				<key>GCC_OPTIMIZATION_LEVEL</key>
				<string>0</string>
				<key>GCC_PREPROCESSOR_DEFINITIONS</key>
				<array>
					<string>DEBUG=1</string>
					<string>$(inherited)</string>
				</array>
				<key>GCC_SYMBOLS_PRIVATE_EXTERN</key>
				<string>NO</string>
				<key>GCC_WARN_ABOUT_RETURN_TYPE</key>
				<string>YES</string>
				<key>GCC_WARN_UNINITIALIZED_AUTOS</key>
				<string>YES</string>
				<key>GCC_WARN_UNUSED_VARIABLE</key>
				<string>YES</string>
				<key>IPHONEOS_DEPLOYMENT_TARGET</key>
				<string>6.0</string>
				<key>ONLY_ACTIVE_ARCH</key>
				<string>YES</string>
				<key>SDKROOT</key>
				<string>iphoneos</string>
			</dict>
			<key>isa</key>
			<string>XCBuildConfiguration</string>
			<key>name</key>
			<string>Debug</string>
		</dict>
		<key>508E0A81168FC92800F237F4</key>
		<dict>
			<key>buildSettings</key>
			<dict>
				<key>ALWAYS_SEARCH_USER_PATHS</key>
				<string>NO</string>
				<key>CLANG_CXX_LANGUAGE_STANDARD</key>
				<string>gnu++0x</string>
				<key>CLANG_CXX_LIBRARY</key>
				<string>libc++</string>
				<key>CLANG_WARN_EMPTY_BODY</key>
				<string>YES</string>
				<key>CLANG_WARN__DUPLICATE_METHOD_MATCH</key>
				<string>YES</string>
				<key>CODE_SIGN_IDENTITY[sdk=iphoneos*]</key>
				<string>iPhone Developer</string>
				<key>COPY_PHASE_STRIP</key>
				<string>YES</string>
				<key>GCC_C_LANGUAGE_STANDARD</key>
				<string>gnu99</string>
				<key>GCC_WARN_ABOUT_RETURN_TYPE</key>
				<string>YES</string>
				<key>GCC_WARN_UNINITIALIZED_AUTOS</key>
				<string>YES</string>
				<key>GCC_WARN_UNUSED_VARIABLE</key>
				<string>YES</string>
				<key>IPHONEOS_DEPLOYMENT_TARGET</key>
				<string>6.0</string>
				<key>OTHER_CFLAGS</key>
				<string>-DNS_BLOCK_ASSERTIONS=1</string>
				<key>SDKROOT</key>
				<string>iphoneos</string>
				<key>VALIDATE_PRODUCT</key>
				<string>YES</string>
			</dict>
			<key>isa</key>
			<string>XCBuildConfiguration</string>
			<key>name</key>
			<string>Release</string>
		</dict>
		<key>508E0A82168FC92800F237F4</key>
		<dict>
			<key>buildConfigurations</key>
			<array>
				<string>508E0A83168FC92800F237F4</string>
				<string>508E0A84168FC92800F237F4</string>
			</array>
			<key>defaultConfigurationIsVisible</key>
			<string>0</string>
			<key>defaultConfigurationName</key>
			<string>Release</string>
			<key>isa</key>
			<string>XCConfigurationList</string>
		</dict>
		<key>508E0A83168FC92800F237F4</key>
		<dict>
			<key>baseConfigurationReference</key>
			<string>C2961D9AA38E528E10E49751</string>
			<key>buildSettings</key>
			<dict>
				<key>ASSETCATALOG_COMPILER_APPICON_NAME</key>
				<string>AppIcon</string>
				<key>ASSETCATALOG_COMPILER_LAUNCHIMAGE_NAME</key>
				<string>LaunchImage</string>
				<key>CLANG_ENABLE_OBJC_ARC</key>
				<string>YES</string>
				<key>GCC_PRECOMPILE_PREFIX_HEADER</key>
				<string>YES</string>
				<key>GCC_PREFIX_HEADER</key>
				<string>Luhn Algorithm (Mod 10)/Luhn Algorithm (Mod 10)-Prefix.pch</string>
				<key>INFOPLIST_FILE</key>
				<string>Luhn Algorithm (Mod 10)/Luhn Algorithm (Mod 10)-Info.plist</string>
				<key>IPHONEOS_DEPLOYMENT_TARGET</key>
				<string>7.0</string>
				<key>PRODUCT_NAME</key>
				<string>$(TARGET_NAME)</string>
				<key>WRAPPER_EXTENSION</key>
				<string>app</string>
			</dict>
			<key>isa</key>
			<string>XCBuildConfiguration</string>
			<key>name</key>
			<string>Debug</string>
		</dict>
		<key>508E0A84168FC92800F237F4</key>
		<dict>
			<key>baseConfigurationReference</key>
			<string>47DE7F95E1DB4941DCCBB0A9</string>
			<key>buildSettings</key>
			<dict>
				<key>ASSETCATALOG_COMPILER_APPICON_NAME</key>
				<string>AppIcon</string>
				<key>ASSETCATALOG_COMPILER_LAUNCHIMAGE_NAME</key>
				<string>LaunchImage</string>
				<key>CLANG_ENABLE_OBJC_ARC</key>
				<string>YES</string>
				<key>GCC_PRECOMPILE_PREFIX_HEADER</key>
				<string>YES</string>
				<key>GCC_PREFIX_HEADER</key>
				<string>Luhn Algorithm (Mod 10)/Luhn Algorithm (Mod 10)-Prefix.pch</string>
				<key>INFOPLIST_FILE</key>
				<string>Luhn Algorithm (Mod 10)/Luhn Algorithm (Mod 10)-Info.plist</string>
				<key>IPHONEOS_DEPLOYMENT_TARGET</key>
				<string>7.0</string>
				<key>PRODUCT_NAME</key>
				<string>$(TARGET_NAME)</string>
				<key>WRAPPER_EXTENSION</key>
				<string>app</string>
			</dict>
			<key>isa</key>
			<string>XCBuildConfiguration</string>
			<key>name</key>
			<string>Release</string>
		</dict>
		<key>5EC0BEC42D204F6EB01B4168</key>
		<dict>
			<key>explicitFileType</key>
			<string>archive.ar</string>
			<key>includeInIndex</key>
			<string>0</string>
			<key>isa</key>
			<string>PBXFileReference</string>
			<key>path</key>
			<string>libPods-Luhn Algorithm (Mod 10).a</string>
			<key>sourceTree</key>
			<string>BUILT_PRODUCTS_DIR</string>
		</dict>
		<key>6BA9916900864AB9ABF4225B</key>
		<dict>
			<key>buildActionMask</key>
			<string>2147483647</string>
			<key>files</key>
			<array/>
			<key>inputPaths</key>
			<array/>
			<key>isa</key>
			<string>PBXShellScriptBuildPhase</string>
			<key>name</key>
			<string>Copy Pods Resources</string>
			<key>outputPaths</key>
			<array/>
			<key>runOnlyForDeploymentPostprocessing</key>
			<string>0</string>
			<key>shellPath</key>
			<string>/bin/sh</string>
			<key>shellScript</key>
			<string>"${SRCROOT}/Pods/Target Support Files/Pods-Luhn Algorithm (Mod 10)/Pods-Luhn Algorithm (Mod 10)-resources.sh"
</string>
			<key>showEnvVarsInLog</key>
			<string>0</string>
		</dict>
		<key>86FF5CFE360A4E6398C78E03</key>
		<dict>
			<key>isa</key>
			<string>PBXBuildFile</string>
		</dict>
		<key>BFE7FBE2ABD94C579591E461</key>
		<dict>
			<key>fileRef</key>
			<string>5EC0BEC42D204F6EB01B4168</string>
			<key>isa</key>
			<string>PBXBuildFile</string>
		</dict>
		<key>C2961D9AA38E528E10E49751</key>
		<dict>
			<key>includeInIndex</key>
			<string>1</string>
			<key>isa</key>
			<string>PBXFileReference</string>
			<key>lastKnownFileType</key>
			<string>text.xcconfig</string>
			<key>name</key>
			<string>Pods-Luhn Algorithm (Mod 10).debug.xcconfig</string>
			<key>path</key>
			<string>Pods/Target Support Files/Pods-Luhn Algorithm (Mod 10)/Pods-Luhn Algorithm (Mod 10).debug.xcconfig</string>
			<key>sourceTree</key>
			<string>&lt;group&gt;</string>
		</dict>
		<key>C49F25322CCD427AB4264BCE</key>
		<dict>
			<key>buildActionMask</key>
			<string>2147483647</string>
			<key>files</key>
			<array/>
			<key>inputPaths</key>
			<array/>
			<key>isa</key>
			<string>PBXShellScriptBuildPhase</string>
			<key>name</key>
			<string>Check Pods Manifest.lock</string>
			<key>outputPaths</key>
			<array/>
			<key>runOnlyForDeploymentPostprocessing</key>
			<string>0</string>
			<key>shellPath</key>
			<string>/bin/sh</string>
			<key>shellScript</key>
			<string>diff "${PODS_ROOT}/../Podfile.lock" "${PODS_ROOT}/Manifest.lock" &gt; /dev/null
if [[ $? != 0 ]] ; then
    cat &lt;&lt; EOM
error: The sandbox is not in sync with the Podfile.lock. Run 'pod install' or update your CocoaPods installation.
EOM
    exit 1
fi
</string>
			<key>showEnvVarsInLog</key>
			<string>0</string>
		</dict>
		<key>C678A7822B9E4CC2978452BF</key>
		<dict>
			<key>buildActionMask</key>
			<string>2147483647</string>
			<key>files</key>
			<array/>
			<key>inputPaths</key>
			<array/>
			<key>isa</key>
			<string>PBXShellScriptBuildPhase</string>
			<key>name</key>
			<string>Copy Pods Resources</string>
			<key>outputPaths</key>
			<array/>
			<key>runOnlyForDeploymentPostprocessing</key>
			<string>0</string>
			<key>shellPath</key>
			<string>/bin/sh</string>
			<key>shellScript</key>
			<string>"${SRCROOT}/Pods/Target Support Files/Pods-Tests/Pods-Tests-resources.sh"
</string>
			<key>showEnvVarsInLog</key>
			<string>0</string>
		</dict>
		<key>C8E417B2943AAB618ECE21EE</key>
		<dict>
			<key>includeInIndex</key>
			<string>1</string>
			<key>isa</key>
			<string>PBXFileReference</string>
			<key>lastKnownFileType</key>
			<string>text.xcconfig</string>
			<key>name</key>
			<string>Pods-Tests.debug.xcconfig</string>
			<key>path</key>
			<string>Pods/Target Support Files/Pods-Tests/Pods-Tests.debug.xcconfig</string>
			<key>sourceTree</key>
			<string>&lt;group&gt;</string>
		</dict>
		<key>ED7D61ED784D495FA5F58B96</key>
		<dict>
			<key>explicitFileType</key>
			<string>archive.ar</string>
			<key>includeInIndex</key>
			<string>0</string>
			<key>isa</key>
			<string>PBXFileReference</string>
			<key>path</key>
			<string>libPods-Tests.a</string>
			<key>sourceTree</key>
			<string>BUILT_PRODUCTS_DIR</string>
		</dict>
	</dict>
	<key>rootObject</key>
	<string>508E0A55168FC92800F237F4</string>
</dict>
</plist>
